
Microsoft Visual Studio Solution File, Format Version 12.00
Project("{FAE04EC0-301F-11D3-BF4B-00C04F79EFBC}") = "TestWebserver", "TestWebserver\TestWebserver.csproj", "{459C4845-F1FD-4344-AE4A-3EACE08EB114}"
EndProject
Global
	GlobalSection(SolutionConfigurationPlatforms) = preSolution
		Debug|Any CPU = Debug|Any CPU
		Release|Any CPU = Release|Any CPU
	EndGlobalSection
	GlobalSection(ProjectConfigurationPlatforms) = postSolution
		{459C4845-F1FD-4344-AE4A-3EACE08EB114}.Debug|Any CPU.ActiveCfg = Debug|Any CPU
		{459C4845-F1FD-4344-AE4A-3EACE08EB114}.Debug|Any CPU.Build.0 = Debug|Any CPU
		{459C4845-F1FD-4344-AE4A-3EACE08EB114}.Release|Any CPU.ActiveCfg = Release|Any CPU
		{459C4845-F1FD-4344-AE4A-3EACE08EB114}.Release|Any CPU.Build.0 = Release|Any CPU
	EndGlobalSection
EndGlobal
